
Microsoft Visual Studio Solution File, Format Version 12.00
# Visual Studio 15
VisualStudioVersion = 15.0.26730.8
MinimumVisualStudioVersion = 10.0.40219.1
Project("{FAE04EC0-301F-11D3-BF4B-00C04F79EFBC}") = "StreamingMediaViewer", "StreamingMediaViewer\StreamingMediaViewer.csproj", "{76D95A54-34D0-4048-928D-1E58E830F0FD}"
EndProject
Global
	GlobalSection(SolutionConfigurationPlatforms) = preSolution
		Debug|Any CPU = Debug|Any CPU
		Release|Any CPU = Release|Any CPU
	EndGlobalSection
	GlobalSection(ProjectConfigurationPlatforms) = postSolution
		{76D95A54-34D0-4048-928D-1E58E830F0FD}.Debug|Any CPU.ActiveCfg = Debug|Any CPU
		{76D95A54-34D0-4048-928D-1E58E830F0FD}.Debug|Any CPU.Build.0 = Debug|Any CPU
		{76D95A54-34D0-4048-928D-1E58E830F0FD}.Release|Any CPU.ActiveCfg = Release|Any CPU
		{76D95A54-34D0-4048-928D-1E58E830F0FD}.Release|Any CPU.Build.0 = Release|Any CPU
	EndGlobalSection
	GlobalSection(SolutionProperties) = preSolution
		HideSolutionNode = FALSE
	EndGlobalSection
	GlobalSection(ExtensibilityGlobals) = postSolution
		SolutionGuid = {BCC47E97-8740-4256-8283-CDBB267A29D9}
	EndGlobalSection
EndGlobal
